
Microsoft Visual Studio Solution File, Format Version 12.00
# Visual Studio Version 17
VisualStudioVersion = 17.2.32602.215
MinimumVisualStudioVersion = 10.0.40219.1
Project("{FAE04EC0-301F-11D3-BF4B-00C04F79EFBC}") = "SoftwareEng_CoverLetters", "SoftwareEng_CoverLetters\SoftwareEng_CoverLetters.csproj", "{E4E4E5B2-DDFA-4B5E-8B30-560FA18E2FFB}"
EndProject
Global
	GlobalSection(SolutionConfigurationPlatforms) = preSolution
		Debug|Any CPU = Debug|Any CPU
		Release|Any CPU = Release|Any CPU
	EndGlobalSection
	GlobalSection(ProjectConfigurationPlatforms) = postSolution
		{E4E4E5B2-DDFA-4B5E-8B30-560FA18E2FFB}.Debug|Any CPU.ActiveCfg = Debug|Any CPU
		{E4E4E5B2-DDFA-4B5E-8B30-560FA18E2FFB}.Debug|Any CPU.Build.0 = Debug|Any CPU
		{E4E4E5B2-DDFA-4B5E-8B30-560FA18E2FFB}.Release|Any CPU.ActiveCfg = Release|Any CPU
		{E4E4E5B2-DDFA-4B5E-8B30-560FA18E2FFB}.Release|Any CPU.Build.0 = Release|Any CPU
	EndGlobalSection
	GlobalSection(SolutionProperties) = preSolution
		HideSolutionNode = FALSE
	EndGlobalSection
	GlobalSection(ExtensibilityGlobals) = postSolution
		SolutionGuid = {5C016481-32ED-446E-BA32-11F5B3489DC8}
	EndGlobalSection
EndGlobal
